
Microsoft Visual Studio Solution File, Format Version 12.00
Project("{2150E333-8FDC-42A3-9474-1A3956D46DE8}") = "src", "src", "{F11CBBA8-979E-4B4B-86CD-51D0B893A519}"
EndProject
Project("{2150E333-8FDC-42A3-9474-1A3956D46DE8}") = "tests", "tests", "{894D929D-8712-4EFF-A5FE-1CB70048DB6B}"
EndProject
Project("{FAE04EC0-301F-11D3-BF4B-00C04F79EFBC}") = "Avalanche", "src\core\Avalanche\Avalanche.csproj", "{B249B189-0BAC-4BB7-9B74-B5768B7BEE93}"
EndProject
Project("{2150E333-8FDC-42A3-9474-1A3956D46DE8}") = "core", "core", "{65634623-4B26-458A-9AAB-AAAFEBF0A962}"
EndProject
Project("{FAE04EC0-301F-11D3-BF4B-00C04F79EFBC}") = "Avalanche.DependencyInjection", "src\core\Avalanche.DependencyInjection\Avalanche.DependencyInjection.csproj", "{BA290365-BB52-4B77-835D-F8BD300B59A5}"
EndProject
Global
	GlobalSection(SolutionConfigurationPlatforms) = preSolution
		Debug|Any CPU = Debug|Any CPU
		Release|Any CPU = Release|Any CPU
	EndGlobalSection
	GlobalSection(NestedProjects) = preSolution
		{65634623-4B26-458A-9AAB-AAAFEBF0A962} = {F11CBBA8-979E-4B4B-86CD-51D0B893A519}
		{B249B189-0BAC-4BB7-9B74-B5768B7BEE93} = {65634623-4B26-458A-9AAB-AAAFEBF0A962}
		{BA290365-BB52-4B77-835D-F8BD300B59A5} = {65634623-4B26-458A-9AAB-AAAFEBF0A962}
	EndGlobalSection
	GlobalSection(ProjectConfigurationPlatforms) = postSolution
		{B249B189-0BAC-4BB7-9B74-B5768B7BEE93}.Debug|Any CPU.ActiveCfg = Debug|Any CPU
		{B249B189-0BAC-4BB7-9B74-B5768B7BEE93}.Debug|Any CPU.Build.0 = Debug|Any CPU
		{B249B189-0BAC-4BB7-9B74-B5768B7BEE93}.Release|Any CPU.ActiveCfg = Release|Any CPU
		{B249B189-0BAC-4BB7-9B74-B5768B7BEE93}.Release|Any CPU.Build.0 = Release|Any CPU
		{BA290365-BB52-4B77-835D-F8BD300B59A5}.Debug|Any CPU.ActiveCfg = Debug|Any CPU
		{BA290365-BB52-4B77-835D-F8BD300B59A5}.Debug|Any CPU.Build.0 = Debug|Any CPU
		{BA290365-BB52-4B77-835D-F8BD300B59A5}.Release|Any CPU.ActiveCfg = Release|Any CPU
		{BA290365-BB52-4B77-835D-F8BD300B59A5}.Release|Any CPU.Build.0 = Release|Any CPU
	EndGlobalSection
EndGlobal
