
Microsoft Visual Studio Solution File, Format Version 12.00
Project("{2150E333-8FDC-42A3-9474-1A3956D46DE8}") = "src", "src", "{F11CBBA8-979E-4B4B-86CD-51D0B893A519}"
EndProject
Project("{2150E333-8FDC-42A3-9474-1A3956D46DE8}") = "tests", "tests", "{894D929D-8712-4EFF-A5FE-1CB70048DB6B}"
EndProject
Project("{FAE04EC0-301F-11D3-BF4B-00C04F79EFBC}") = "Avalanche", "src\core\Avalanche\Avalanche.csproj", "{B249B189-0BAC-4BB7-9B74-B5768B7BEE93}"
EndProject
Project("{2150E333-8FDC-42A3-9474-1A3956D46DE8}") = "core", "core", "{65634623-4B26-458A-9AAB-AAAFEBF0A962}"
EndProject
Project("{FAE04EC0-301F-11D3-BF4B-00C04F79EFBC}") = "Avalanche.DependencyInjection", "src\core\Avalanche.DependencyInjection\Avalanche.DependencyInjection.csproj", "{BA290365-BB52-4B77-835D-F8BD300B59A5}"
EndProject
Project("{FAE04EC0-301F-11D3-BF4B-00C04F79EFBC}") = "Avalanche.Entities", "src\core\Avalanche.Entities\Avalanche.Entities.csproj", "{76778A12-FDEB-4C54-A848-76DC34742AB8}"
EndProject
Project("{2150E333-8FDC-42A3-9474-1A3956D46DE8}") = "implementations", "implementations", "{1141CEDA-A06F-4F21-ADA3-C83020C679CC}"
EndProject
Project("{FAE04EC0-301F-11D3-BF4B-00C04F79EFBC}") = "Avalanche.EntityFrameworkCore", "src\implementations\Avalanche.EntityFrameworkCore\Avalanche.EntityFrameworkCore.csproj", "{EF7AC4D9-78A4-4A77-A287-53BEDCDA7BCA}"
EndProject
Project("{FAE04EC0-301F-11D3-BF4B-00C04F79EFBC}") = "Avalanche.CsvHelper", "src\implementations\Avalanche.CsvHelper\Avalanche.CsvHelper.csproj", "{40A9B594-8A0B-4D94-9B66-A6C4018300AB}"
EndProject
Global
	GlobalSection(SolutionConfigurationPlatforms) = preSolution
		Debug|Any CPU = Debug|Any CPU
		Release|Any CPU = Release|Any CPU
	EndGlobalSection
	GlobalSection(NestedProjects) = preSolution
		{65634623-4B26-458A-9AAB-AAAFEBF0A962} = {F11CBBA8-979E-4B4B-86CD-51D0B893A519}
		{B249B189-0BAC-4BB7-9B74-B5768B7BEE93} = {65634623-4B26-458A-9AAB-AAAFEBF0A962}
		{BA290365-BB52-4B77-835D-F8BD300B59A5} = {65634623-4B26-458A-9AAB-AAAFEBF0A962}
		{76778A12-FDEB-4C54-A848-76DC34742AB8} = {65634623-4B26-458A-9AAB-AAAFEBF0A962}
		{1141CEDA-A06F-4F21-ADA3-C83020C679CC} = {F11CBBA8-979E-4B4B-86CD-51D0B893A519}
		{EF7AC4D9-78A4-4A77-A287-53BEDCDA7BCA} = {1141CEDA-A06F-4F21-ADA3-C83020C679CC}
		{40A9B594-8A0B-4D94-9B66-A6C4018300AB} = {1141CEDA-A06F-4F21-ADA3-C83020C679CC}
	EndGlobalSection
	GlobalSection(ProjectConfigurationPlatforms) = postSolution
		{B249B189-0BAC-4BB7-9B74-B5768B7BEE93}.Debug|Any CPU.ActiveCfg = Debug|Any CPU
		{B249B189-0BAC-4BB7-9B74-B5768B7BEE93}.Debug|Any CPU.Build.0 = Debug|Any CPU
		{B249B189-0BAC-4BB7-9B74-B5768B7BEE93}.Release|Any CPU.ActiveCfg = Release|Any CPU
		{B249B189-0BAC-4BB7-9B74-B5768B7BEE93}.Release|Any CPU.Build.0 = Release|Any CPU
		{BA290365-BB52-4B77-835D-F8BD300B59A5}.Debug|Any CPU.ActiveCfg = Debug|Any CPU
		{BA290365-BB52-4B77-835D-F8BD300B59A5}.Debug|Any CPU.Build.0 = Debug|Any CPU
		{BA290365-BB52-4B77-835D-F8BD300B59A5}.Release|Any CPU.ActiveCfg = Release|Any CPU
		{BA290365-BB52-4B77-835D-F8BD300B59A5}.Release|Any CPU.Build.0 = Release|Any CPU
		{76778A12-FDEB-4C54-A848-76DC34742AB8}.Debug|Any CPU.ActiveCfg = Debug|Any CPU
		{76778A12-FDEB-4C54-A848-76DC34742AB8}.Debug|Any CPU.Build.0 = Debug|Any CPU
		{76778A12-FDEB-4C54-A848-76DC34742AB8}.Release|Any CPU.ActiveCfg = Release|Any CPU
		{76778A12-FDEB-4C54-A848-76DC34742AB8}.Release|Any CPU.Build.0 = Release|Any CPU
		{EF7AC4D9-78A4-4A77-A287-53BEDCDA7BCA}.Debug|Any CPU.ActiveCfg = Debug|Any CPU
		{EF7AC4D9-78A4-4A77-A287-53BEDCDA7BCA}.Debug|Any CPU.Build.0 = Debug|Any CPU
		{EF7AC4D9-78A4-4A77-A287-53BEDCDA7BCA}.Release|Any CPU.ActiveCfg = Release|Any CPU
		{EF7AC4D9-78A4-4A77-A287-53BEDCDA7BCA}.Release|Any CPU.Build.0 = Release|Any CPU
		{40A9B594-8A0B-4D94-9B66-A6C4018300AB}.Debug|Any CPU.ActiveCfg = Debug|Any CPU
		{40A9B594-8A0B-4D94-9B66-A6C4018300AB}.Debug|Any CPU.Build.0 = Debug|Any CPU
		{40A9B594-8A0B-4D94-9B66-A6C4018300AB}.Release|Any CPU.ActiveCfg = Release|Any CPU
		{40A9B594-8A0B-4D94-9B66-A6C4018300AB}.Release|Any CPU.Build.0 = Release|Any CPU
	EndGlobalSection
EndGlobal
